
Microsoft Visual Studio Solution File, Format Version 12.00
Project("{FAE04EC0-301F-11D3-BF4B-00C04F79EFBC}") = "Website", "Website.csproj", "{40492E00-B614-4C50-852E-FAF336C8C797}"
EndProject
Project("{FAE04EC0-301F-11D3-BF4B-00C04F79EFBC}") = "Docable", "theme\Docable.csproj", "{90C42DFD-61AA-43A0-AD51-3A395C5E3362}"
EndProject
Global
	GlobalSection(SolutionConfigurationPlatforms) = preSolution
		Debug|Any CPU = Debug|Any CPU
		Release|Any CPU = Release|Any CPU
	EndGlobalSection
	GlobalSection(ProjectConfigurationPlatforms) = postSolution
		{40492E00-B614-4C50-852E-FAF336C8C797}.Debug|Any CPU.ActiveCfg = Debug|Any CPU
		{40492E00-B614-4C50-852E-FAF336C8C797}.Debug|Any CPU.Build.0 = Debug|Any CPU
		{40492E00-B614-4C50-852E-FAF336C8C797}.Release|Any CPU.ActiveCfg = Release|Any CPU
		{40492E00-B614-4C50-852E-FAF336C8C797}.Release|Any CPU.Build.0 = Release|Any CPU
		{90C42DFD-61AA-43A0-AD51-3A395C5E3362}.Debug|Any CPU.ActiveCfg = Debug|Any CPU
		{90C42DFD-61AA-43A0-AD51-3A395C5E3362}.Debug|Any CPU.Build.0 = Debug|Any CPU
		{90C42DFD-61AA-43A0-AD51-3A395C5E3362}.Release|Any CPU.ActiveCfg = Release|Any CPU
		{90C42DFD-61AA-43A0-AD51-3A395C5E3362}.Release|Any CPU.Build.0 = Release|Any CPU
	EndGlobalSection
EndGlobal
