
Microsoft Visual Studio Solution File, Format Version 12.00
# Visual Studio 2013
VisualStudioVersion = 12.0.31101.0
MinimumVisualStudioVersion = 10.0.40219.1
Project("{FAE04EC0-301F-11D3-BF4B-00C04F79EFBC}") = "Cake.Web", "Cake.Web\Cake.Web.csproj", "{A2DF3EBC-6813-4F11-96AA-49D8CC963FC3}"
EndProject
Project("{FAE04EC0-301F-11D3-BF4B-00C04F79EFBC}") = "Cake.Web.Core", "Cake.Web.Core\Cake.Web.Core.csproj", "{6D6B559E-84EA-498E-A28E-0DDDE96556FE}"
EndProject
Project("{FAE04EC0-301F-11D3-BF4B-00C04F79EFBC}") = "Cake.Web.Docs", "Cake.Web.Docs\Cake.Web.Docs.csproj", "{B16E4D1D-3B29-4777-B679-3FDEBF7BFC65}"
EndProject
Global
	GlobalSection(SolutionConfigurationPlatforms) = preSolution
		Debug|Any CPU = Debug|Any CPU
		Release|Any CPU = Release|Any CPU
	EndGlobalSection
	GlobalSection(ProjectConfigurationPlatforms) = postSolution
		{A2DF3EBC-6813-4F11-96AA-49D8CC963FC3}.Debug|Any CPU.ActiveCfg = Debug|Any CPU
		{A2DF3EBC-6813-4F11-96AA-49D8CC963FC3}.Debug|Any CPU.Build.0 = Debug|Any CPU
		{A2DF3EBC-6813-4F11-96AA-49D8CC963FC3}.Release|Any CPU.ActiveCfg = Release|Any CPU
		{A2DF3EBC-6813-4F11-96AA-49D8CC963FC3}.Release|Any CPU.Build.0 = Release|Any CPU
		{6D6B559E-84EA-498E-A28E-0DDDE96556FE}.Debug|Any CPU.ActiveCfg = Debug|Any CPU
		{6D6B559E-84EA-498E-A28E-0DDDE96556FE}.Debug|Any CPU.Build.0 = Debug|Any CPU
		{6D6B559E-84EA-498E-A28E-0DDDE96556FE}.Release|Any CPU.ActiveCfg = Release|Any CPU
		{6D6B559E-84EA-498E-A28E-0DDDE96556FE}.Release|Any CPU.Build.0 = Release|Any CPU
		{B16E4D1D-3B29-4777-B679-3FDEBF7BFC65}.Debug|Any CPU.ActiveCfg = Debug|Any CPU
		{B16E4D1D-3B29-4777-B679-3FDEBF7BFC65}.Debug|Any CPU.Build.0 = Debug|Any CPU
		{B16E4D1D-3B29-4777-B679-3FDEBF7BFC65}.Release|Any CPU.ActiveCfg = Release|Any CPU
		{B16E4D1D-3B29-4777-B679-3FDEBF7BFC65}.Release|Any CPU.Build.0 = Release|Any CPU
	EndGlobalSection
	GlobalSection(SolutionProperties) = preSolution
		HideSolutionNode = FALSE
	EndGlobalSection
EndGlobal
